
Microsoft Visual Studio Solution File, Format Version 12.00
# Visual Studio 2012
Project("{FAE04EC0-301F-11D3-BF4B-00C04F79EFBC}") = "PublishConsoleApp", "PublishConsoleApp\PublishConsoleApp.csproj", "{C2499E62-8229-4C19-90E8-1C12B60AB8CE}"
EndProject
Project("{FAE04EC0-301F-11D3-BF4B-00C04F79EFBC}") = "SubscribeConsoleApp", "SubscribeConsoleApp\SubscribeConsoleApp.csproj", "{C54180C8-E7CF-4F40-B4F6-920606D34A38}"
EndProject
Project("{FAE04EC0-301F-11D3-BF4B-00C04F79EFBC}") = "SubscribeWithLoggerConsoleApp", "SubscribeWithLoggerConsoleApp\SubscribeWithLoggerConsoleApp.csproj", "{9BCB9CD6-C6EF-4AB5-917A-DBD74019FEEA}"
EndProject
Project("{FAE04EC0-301F-11D3-BF4B-00C04F79EFBC}") = "SubscribeAsyncConsoleApp", "SubscribeAsyncConsoleApp\SubscribeAsyncConsoleApp.csproj", "{BD9219F1-EC40-4C81-A616-F4873B09C0E1}"
EndProject
Global
	GlobalSection(SolutionConfigurationPlatforms) = preSolution
		Debug|Any CPU = Debug|Any CPU
		Release|Any CPU = Release|Any CPU
	EndGlobalSection
	GlobalSection(ProjectConfigurationPlatforms) = postSolution
		{C2499E62-8229-4C19-90E8-1C12B60AB8CE}.Debug|Any CPU.ActiveCfg = Debug|Any CPU
		{C2499E62-8229-4C19-90E8-1C12B60AB8CE}.Debug|Any CPU.Build.0 = Debug|Any CPU
		{C2499E62-8229-4C19-90E8-1C12B60AB8CE}.Release|Any CPU.ActiveCfg = Release|Any CPU
		{C2499E62-8229-4C19-90E8-1C12B60AB8CE}.Release|Any CPU.Build.0 = Release|Any CPU
		{C54180C8-E7CF-4F40-B4F6-920606D34A38}.Debug|Any CPU.ActiveCfg = Debug|Any CPU
		{C54180C8-E7CF-4F40-B4F6-920606D34A38}.Debug|Any CPU.Build.0 = Debug|Any CPU
		{C54180C8-E7CF-4F40-B4F6-920606D34A38}.Release|Any CPU.ActiveCfg = Release|Any CPU
		{C54180C8-E7CF-4F40-B4F6-920606D34A38}.Release|Any CPU.Build.0 = Release|Any CPU
		{9BCB9CD6-C6EF-4AB5-917A-DBD74019FEEA}.Debug|Any CPU.ActiveCfg = Debug|Any CPU
		{9BCB9CD6-C6EF-4AB5-917A-DBD74019FEEA}.Debug|Any CPU.Build.0 = Debug|Any CPU
		{9BCB9CD6-C6EF-4AB5-917A-DBD74019FEEA}.Release|Any CPU.ActiveCfg = Release|Any CPU
		{9BCB9CD6-C6EF-4AB5-917A-DBD74019FEEA}.Release|Any CPU.Build.0 = Release|Any CPU
		{BD9219F1-EC40-4C81-A616-F4873B09C0E1}.Debug|Any CPU.ActiveCfg = Debug|Any CPU
		{BD9219F1-EC40-4C81-A616-F4873B09C0E1}.Debug|Any CPU.Build.0 = Debug|Any CPU
		{BD9219F1-EC40-4C81-A616-F4873B09C0E1}.Release|Any CPU.ActiveCfg = Release|Any CPU
		{BD9219F1-EC40-4C81-A616-F4873B09C0E1}.Release|Any CPU.Build.0 = Release|Any CPU
	EndGlobalSection
	GlobalSection(SolutionProperties) = preSolution
		HideSolutionNode = FALSE
	EndGlobalSection
EndGlobal
