
Microsoft Visual Studio Solution File, Format Version 12.00
# Visual Studio 2012
Project("{FAE04EC0-301F-11D3-BF4B-00C04F79EFBC}") = "PublishConsoleApp", "PublishConsoleApp\PublishConsoleApp.csproj", "{C2499E62-8229-4C19-90E8-1C12B60AB8CE}"
EndProject
Project("{FAE04EC0-301F-11D3-BF4B-00C04F79EFBC}") = "SubscribeConsoleApp", "SubscribeConsoleApp\SubscribeConsoleApp.csproj", "{C54180C8-E7CF-4F40-B4F6-920606D34A38}"
EndProject
Global
	GlobalSection(SolutionConfigurationPlatforms) = preSolution
		Debug|Any CPU = Debug|Any CPU
		Release|Any CPU = Release|Any CPU
	EndGlobalSection
	GlobalSection(ProjectConfigurationPlatforms) = postSolution
		{C2499E62-8229-4C19-90E8-1C12B60AB8CE}.Debug|Any CPU.ActiveCfg = Debug|Any CPU
		{C2499E62-8229-4C19-90E8-1C12B60AB8CE}.Debug|Any CPU.Build.0 = Debug|Any CPU
		{C2499E62-8229-4C19-90E8-1C12B60AB8CE}.Release|Any CPU.ActiveCfg = Release|Any CPU
		{C2499E62-8229-4C19-90E8-1C12B60AB8CE}.Release|Any CPU.Build.0 = Release|Any CPU
		{C54180C8-E7CF-4F40-B4F6-920606D34A38}.Debug|Any CPU.ActiveCfg = Debug|Any CPU
		{C54180C8-E7CF-4F40-B4F6-920606D34A38}.Debug|Any CPU.Build.0 = Debug|Any CPU
		{C54180C8-E7CF-4F40-B4F6-920606D34A38}.Release|Any CPU.ActiveCfg = Release|Any CPU
		{C54180C8-E7CF-4F40-B4F6-920606D34A38}.Release|Any CPU.Build.0 = Release|Any CPU
	EndGlobalSection
	GlobalSection(SolutionProperties) = preSolution
		HideSolutionNode = FALSE
	EndGlobalSection
EndGlobal
