
Microsoft Visual Studio Solution File, Format Version 12.00
# Visual Studio 2012
Project("{FAE04EC0-301F-11D3-BF4B-00C04F79EFBC}") = "Publisher", "Publisher\Publisher.csproj", "{7EA39948-48C7-4C13-BBD0-4F17B7A9254B}"
EndProject
Project("{FAE04EC0-301F-11D3-BF4B-00C04F79EFBC}") = "Subscriber", "Subscriber\Subscriber.csproj", "{29B6A74A-0EAB-438B-96E9-510685C4D04B}"
EndProject
Global
	GlobalSection(SolutionConfigurationPlatforms) = preSolution
		Debug|Any CPU = Debug|Any CPU
		Release|Any CPU = Release|Any CPU
	EndGlobalSection
	GlobalSection(ProjectConfigurationPlatforms) = postSolution
		{7EA39948-48C7-4C13-BBD0-4F17B7A9254B}.Debug|Any CPU.ActiveCfg = Debug|Any CPU
		{7EA39948-48C7-4C13-BBD0-4F17B7A9254B}.Debug|Any CPU.Build.0 = Debug|Any CPU
		{7EA39948-48C7-4C13-BBD0-4F17B7A9254B}.Release|Any CPU.ActiveCfg = Release|Any CPU
		{7EA39948-48C7-4C13-BBD0-4F17B7A9254B}.Release|Any CPU.Build.0 = Release|Any CPU
		{29B6A74A-0EAB-438B-96E9-510685C4D04B}.Debug|Any CPU.ActiveCfg = Debug|Any CPU
		{29B6A74A-0EAB-438B-96E9-510685C4D04B}.Debug|Any CPU.Build.0 = Debug|Any CPU
		{29B6A74A-0EAB-438B-96E9-510685C4D04B}.Release|Any CPU.ActiveCfg = Release|Any CPU
		{29B6A74A-0EAB-438B-96E9-510685C4D04B}.Release|Any CPU.Build.0 = Release|Any CPU
	EndGlobalSection
	GlobalSection(SolutionProperties) = preSolution
		HideSolutionNode = FALSE
	EndGlobalSection
EndGlobal
